{
  "version": 4,
  "terraform_version": "1.10.5",
  "serial": 34,
  "lineage": "8d78c0ed-7571-3f49-fdfb-8e439d247bc2",
  "outputs": {
    "public_ip_address": {
      "value": {
        "pip1": "74.235.245.45",
        "pip2": "20.121.189.187",
        "pip3": "172.178.38.232"
      },
      "type": [
        "object",
        {
          "pip1": "string",
          "pip2": "string",
          "pip3": "string"
        }
      ]
    }
  },
  "resources": [
    {
      "module": "module.lb_nic_association",
      "mode": "data",
      "type": "azurerm_lb",
      "name": "lb",
      "provider": "provider[\"registry.terraform.io/hashicorp/azurerm\"]",
      "instances": [
        {
          "index_key": "lb_nic1",
          "schema_version": 0,
          "attributes": {
            "frontend_ip_configuration": [
              {
                "id": "/subscriptions/193a80b5-b916-4c17-b06d-cfc310d07a2c/resourceGroups/test-rg-1/providers/Microsoft.Network/loadBalancers/test-lb-1/frontendIPConfigurations/PublicFrontEnd",
                "name": "PublicFrontEnd",
                "private_ip_address": "",
                "private_ip_address_allocation": "Dynamic",
                "private_ip_address_version": "",
                "public_ip_address_id": "/subscriptions/193a80b5-b916-4c17-b06d-cfc310d07a2c/resourceGroups/test-rg-1/providers/Microsoft.Network/publicIPAddresses/test-pip-3",
                "subnet_id": "",
                "zones": []
              }
            ],
            "id": "/subscriptions/193a80b5-b916-4c17-b06d-cfc310d07a2c/resourceGroups/test-rg-1/providers/Microsoft.Network/loadBalancers/test-lb-1",
            "location": "eastus",
            "name": "test-lb-1",
            "private_ip_address": "",
            "private_ip_addresses": [],
            "resource_group_name": "test-rg-1",
            "sku": "Standard",
            "tags": {},
            "timeouts": null
          },
          "sensitive_attributes": []
        },
        {
          "index_key": "lb_nic2",
          "schema_version": 0,
          "attributes": {
            "frontend_ip_configuration": [
              {
                "id": "/subscriptions/193a80b5-b916-4c17-b06d-cfc310d07a2c/resourceGroups/test-rg-1/providers/Microsoft.Network/loadBalancers/test-lb-1/frontendIPConfigurations/PublicFrontEnd",
                "name": "PublicFrontEnd",
                "private_ip_address": "",
                "private_ip_address_allocation": "Dynamic",
                "private_ip_address_version": "",
                "public_ip_address_id": "/subscriptions/193a80b5-b916-4c17-b06d-cfc310d07a2c/resourceGroups/test-rg-1/providers/Microsoft.Network/publicIPAddresses/test-pip-3",
                "subnet_id": "",
                "zones": []
              }
            ],
            "id": "/subscriptions/193a80b5-b916-4c17-b06d-cfc310d07a2c/resourceGroups/test-rg-1/providers/Microsoft.Network/loadBalancers/test-lb-1",
            "location": "eastus",
            "name": "test-lb-1",
            "private_ip_address": "",
            "private_ip_addresses": [],
            "resource_group_name": "test-rg-1",
            "sku": "Standard",
            "tags": {},
            "timeouts": null
          },
          "sensitive_attributes": []
        }
      ]
    },
    {
      "module": "module.lb_nic_association",
      "mode": "data",
      "type": "azurerm_lb_backend_address_pool",
      "name": "lb_be_pool",
      "provider": "provider[\"registry.terraform.io/hashicorp/azurerm\"]",
      "instances": []
    },
    {
      "module": "module.lb_nic_association",
      "mode": "data",
      "type": "azurerm_network_interface",
      "name": "nic",
      "provider": "provider[\"registry.terraform.io/hashicorp/azurerm\"]",
      "instances": [
        {
          "index_key": "lb_nic1",
          "schema_version": 0,
          "attributes": {
            "accelerated_networking_enabled": false,
            "applied_dns_servers": [],
            "dns_servers": [],
            "id": "/subscriptions/193a80b5-b916-4c17-b06d-cfc310d07a2c/resourceGroups/test-rg-1/providers/Microsoft.Network/networkInterfaces/test-nic-1",
            "internal_dns_name_label": "",
            "ip_configuration": [
              {
                "application_gateway_backend_address_pools_ids": [],
                "application_security_group_ids": [],
                "gateway_load_balancer_frontend_ip_configuration_id": "",
                "load_balancer_backend_address_pools_ids": [],
                "load_balancer_inbound_nat_rules_ids": [],
                "name": "internal",
                "primary": true,
                "private_ip_address": "10.0.1.5",
                "private_ip_address_allocation": "Dynamic",
                "private_ip_address_version": "IPv4",
                "public_ip_address_id": "/subscriptions/193a80b5-b916-4c17-b06d-cfc310d07a2c/resourceGroups/test-rg-1/providers/Microsoft.Network/publicIPAddresses/test-pip-1",
                "subnet_id": "/subscriptions/193a80b5-b916-4c17-b06d-cfc310d07a2c/resourceGroups/test-rg-1/providers/Microsoft.Network/virtualNetworks/test-vnet-1/subnets/test-subnet-1"
              }
            ],
            "ip_forwarding_enabled": false,
            "location": "eastus",
            "mac_address": "",
            "name": "test-nic-1",
            "network_security_group_id": "",
            "private_ip_address": "10.0.1.5",
            "private_ip_addresses": [
              "10.0.1.5"
            ],
            "resource_group_name": "test-rg-1",
            "tags": {
              "environment": "test",
              "owner": "devops"
            },
            "timeouts": null,
            "virtual_machine_id": ""
          },
          "sensitive_attributes": []
        },
        {
          "index_key": "lb_nic2",
          "schema_version": 0,
          "attributes": {
            "accelerated_networking_enabled": false,
            "applied_dns_servers": [],
            "dns_servers": [],
            "id": "/subscriptions/193a80b5-b916-4c17-b06d-cfc310d07a2c/resourceGroups/test-rg-1/providers/Microsoft.Network/networkInterfaces/test-nic-2",
            "internal_dns_name_label": "",
            "ip_configuration": [
              {
                "application_gateway_backend_address_pools_ids": [],
                "application_security_group_ids": [],
                "gateway_load_balancer_frontend_ip_configuration_id": "",
                "load_balancer_backend_address_pools_ids": [],
                "load_balancer_inbound_nat_rules_ids": [],
                "name": "internal",
                "primary": true,
                "private_ip_address": "10.0.1.4",
                "private_ip_address_allocation": "Dynamic",
                "private_ip_address_version": "IPv4",
                "public_ip_address_id": "/subscriptions/193a80b5-b916-4c17-b06d-cfc310d07a2c/resourceGroups/test-rg-1/providers/Microsoft.Network/publicIPAddresses/test-pip-2",
                "subnet_id": "/subscriptions/193a80b5-b916-4c17-b06d-cfc310d07a2c/resourceGroups/test-rg-1/providers/Microsoft.Network/virtualNetworks/test-vnet-1/subnets/test-subnet-1"
              }
            ],
            "ip_forwarding_enabled": false,
            "location": "eastus",
            "mac_address": "",
            "name": "test-nic-2",
            "network_security_group_id": "",
            "private_ip_address": "10.0.1.4",
            "private_ip_addresses": [
              "10.0.1.4"
            ],
            "resource_group_name": "test-rg-1",
            "tags": {
              "environment": "test",
              "owner": "devops"
            },
            "timeouts": null,
            "virtual_machine_id": ""
          },
          "sensitive_attributes": []
        }
      ]
    },
    {
      "module": "module.lb_pool_probe",
      "mode": "data",
      "type": "azurerm_lb",
      "name": "load_balancer",
      "provider": "provider[\"registry.terraform.io/hashicorp/azurerm\"]",
      "instances": [
        {
          "index_key": "probe1",
          "schema_version": 0,
          "attributes": {
            "frontend_ip_configuration": [
              {
                "id": "/subscriptions/193a80b5-b916-4c17-b06d-cfc310d07a2c/resourceGroups/test-rg-1/providers/Microsoft.Network/loadBalancers/test-lb-1/frontendIPConfigurations/PublicFrontEnd",
                "name": "PublicFrontEnd",
                "private_ip_address": "",
                "private_ip_address_allocation": "Dynamic",
                "private_ip_address_version": "",
                "public_ip_address_id": "/subscriptions/193a80b5-b916-4c17-b06d-cfc310d07a2c/resourceGroups/test-rg-1/providers/Microsoft.Network/publicIPAddresses/test-pip-3",
                "subnet_id": "",
                "zones": []
              }
            ],
            "id": "/subscriptions/193a80b5-b916-4c17-b06d-cfc310d07a2c/resourceGroups/test-rg-1/providers/Microsoft.Network/loadBalancers/test-lb-1",
            "location": "eastus",
            "name": "test-lb-1",
            "private_ip_address": "",
            "private_ip_addresses": [],
            "resource_group_name": "test-rg-1",
            "sku": "Standard",
            "tags": {},
            "timeouts": null
          },
          "sensitive_attributes": []
        }
      ]
    },
    {
      "module": "module.lb_pool_probe",
      "mode": "managed",
      "type": "azurerm_lb_backend_address_pool",
      "name": "bepool",
      "provider": "provider[\"registry.terraform.io/hashicorp/azurerm\"]",
      "instances": [
        {
          "index_key": "probe1",
          "schema_version": 0,
          "attributes": {
            "backend_ip_configurations": [],
            "id": "/subscriptions/193a80b5-b916-4c17-b06d-cfc310d07a2c/resourceGroups/test-rg-1/providers/Microsoft.Network/loadBalancers/test-lb-1/backendAddressPools/BackEndAddressPool",
            "inbound_nat_rules": [],
            "load_balancing_rules": [],
            "loadbalancer_id": "/subscriptions/193a80b5-b916-4c17-b06d-cfc310d07a2c/resourceGroups/test-rg-1/providers/Microsoft.Network/loadBalancers/test-lb-1",
            "name": "BackEndAddressPool",
            "outbound_rules": [],
            "synchronous_mode": "",
            "timeouts": null,
            "tunnel_interface": [],
            "virtual_network_id": ""
          },
          "sensitive_attributes": [],
          "private": "eyJlMmJmYjczMC1lY2FhLTExZTYtOGY4OC0zNDM2M2JjN2M0YzAiOnsiY3JlYXRlIjoxODAwMDAwMDAwMDAwLCJkZWxldGUiOjE4MDAwMDAwMDAwMDAsInJlYWQiOjMwMDAwMDAwMDAwMCwidXBkYXRlIjoxODAwMDAwMDAwMDAwfX0=",
          "dependencies": [
            "module.lb_pool_probe.data.azurerm_lb.load_balancer",
            "module.load_balancer.azurerm_lb.lb",
            "module.load_balancer.data.azurerm_public_ip.pip_lb",
            "module.public_ip.azurerm_public_ip.pip-block",
            "module.resource_group.azurerm_resource_group.resource_group",
            "module.subnet.azurerm_subnet.sub_network",
            "module.virtual_network.azurerm_virtual_network.virtual_network"
          ]
        }
      ]
    },
    {
      "module": "module.lb_pool_probe",
      "mode": "managed",
      "type": "azurerm_lb_probe",
      "name": "http_probe",
      "provider": "provider[\"registry.terraform.io/hashicorp/azurerm\"]",
      "instances": [
        {
          "index_key": "probe1",
          "schema_version": 0,
          "attributes": {
            "id": "/subscriptions/193a80b5-b916-4c17-b06d-cfc310d07a2c/resourceGroups/test-rg-1/providers/Microsoft.Network/loadBalancers/test-lb-1/probes/http-probe",
            "interval_in_seconds": 5,
            "load_balancer_rules": [],
            "loadbalancer_id": "/subscriptions/193a80b5-b916-4c17-b06d-cfc310d07a2c/resourceGroups/test-rg-1/providers/Microsoft.Network/loadBalancers/test-lb-1",
            "name": "http-probe",
            "number_of_probes": 2,
            "port": 80,
            "probe_threshold": 1,
            "protocol": "Http",
            "request_path": "/",
            "timeouts": null
          },
          "sensitive_attributes": [],
          "private": "eyJlMmJmYjczMC1lY2FhLTExZTYtOGY4OC0zNDM2M2JjN2M0YzAiOnsiY3JlYXRlIjoxODAwMDAwMDAwMDAwLCJkZWxldGUiOjE4MDAwMDAwMDAwMDAsInJlYWQiOjMwMDAwMDAwMDAwMCwidXBkYXRlIjoxODAwMDAwMDAwMDAwfX0=",
          "dependencies": [
            "module.lb_pool_probe.data.azurerm_lb.load_balancer",
            "module.load_balancer.azurerm_lb.lb",
            "module.load_balancer.data.azurerm_public_ip.pip_lb",
            "module.public_ip.azurerm_public_ip.pip-block",
            "module.resource_group.azurerm_resource_group.resource_group",
            "module.subnet.azurerm_subnet.sub_network",
            "module.virtual_network.azurerm_virtual_network.virtual_network"
          ]
        }
      ]
    },
    {
      "module": "module.lb_pool_probe",
      "mode": "managed",
      "type": "azurerm_lb_rule",
      "name": "http_rule",
      "provider": "provider[\"registry.terraform.io/hashicorp/azurerm\"]",
      "instances": [
        {
          "index_key": "probe1",
          "schema_version": 0,
          "attributes": {
            "backend_address_pool_ids": [
              "/subscriptions/193a80b5-b916-4c17-b06d-cfc310d07a2c/resourceGroups/test-rg-1/providers/Microsoft.Network/loadBalancers/test-lb-1/backendAddressPools/BackEndAddressPool"
            ],
            "backend_port": 80,
            "disable_outbound_snat": false,
            "enable_floating_ip": false,
            "enable_tcp_reset": false,
            "frontend_ip_configuration_id": "/subscriptions/193a80b5-b916-4c17-b06d-cfc310d07a2c/resourceGroups/test-rg-1/providers/Microsoft.Network/loadBalancers/test-lb-1/frontendIPConfigurations/PublicFrontEnd",
            "frontend_ip_configuration_name": "PublicFrontEnd",
            "frontend_port": 80,
            "id": "/subscriptions/193a80b5-b916-4c17-b06d-cfc310d07a2c/resourceGroups/test-rg-1/providers/Microsoft.Network/loadBalancers/test-lb-1/loadBalancingRules/http-rule",
            "idle_timeout_in_minutes": 4,
            "load_distribution": "Default",
            "loadbalancer_id": "/subscriptions/193a80b5-b916-4c17-b06d-cfc310d07a2c/resourceGroups/test-rg-1/providers/Microsoft.Network/loadBalancers/test-lb-1",
            "name": "http-rule",
            "probe_id": "/subscriptions/193a80b5-b916-4c17-b06d-cfc310d07a2c/resourceGroups/test-rg-1/providers/Microsoft.Network/loadBalancers/test-lb-1/probes/http-probe",
            "protocol": "Tcp",
            "timeouts": null
          },
          "sensitive_attributes": [],
          "private": "eyJlMmJmYjczMC1lY2FhLTExZTYtOGY4OC0zNDM2M2JjN2M0YzAiOnsiY3JlYXRlIjoxODAwMDAwMDAwMDAwLCJkZWxldGUiOjE4MDAwMDAwMDAwMDAsInJlYWQiOjMwMDAwMDAwMDAwMCwidXBkYXRlIjoxODAwMDAwMDAwMDAwfX0=",
          "dependencies": [
            "module.lb_pool_probe.azurerm_lb_backend_address_pool.bepool",
            "module.lb_pool_probe.azurerm_lb_probe.http_probe",
            "module.lb_pool_probe.data.azurerm_lb.load_balancer",
            "module.load_balancer.azurerm_lb.lb",
            "module.load_balancer.data.azurerm_public_ip.pip_lb",
            "module.public_ip.azurerm_public_ip.pip-block",
            "module.resource_group.azurerm_resource_group.resource_group",
            "module.subnet.azurerm_subnet.sub_network",
            "module.virtual_network.azurerm_virtual_network.virtual_network"
          ]
        }
      ]
    },
    {
      "module": "module.linux_vm",
      "mode": "data",
      "type": "azurerm_network_interface",
      "name": "nic_data",
      "provider": "provider[\"registry.terraform.io/hashicorp/azurerm\"]",
      "instances": [
        {
          "index_key": "vm1",
          "schema_version": 0,
          "attributes": {
            "accelerated_networking_enabled": false,
            "applied_dns_servers": [],
            "dns_servers": [],
            "id": "/subscriptions/193a80b5-b916-4c17-b06d-cfc310d07a2c/resourceGroups/test-rg-1/providers/Microsoft.Network/networkInterfaces/test-nic-1",
            "internal_dns_name_label": "",
            "ip_configuration": [
              {
                "application_gateway_backend_address_pools_ids": [],
                "application_security_group_ids": [],
                "gateway_load_balancer_frontend_ip_configuration_id": "",
                "load_balancer_backend_address_pools_ids": [],
                "load_balancer_inbound_nat_rules_ids": [],
                "name": "internal",
                "primary": true,
                "private_ip_address": "10.0.1.5",
                "private_ip_address_allocation": "Dynamic",
                "private_ip_address_version": "IPv4",
                "public_ip_address_id": "/subscriptions/193a80b5-b916-4c17-b06d-cfc310d07a2c/resourceGroups/test-rg-1/providers/Microsoft.Network/publicIPAddresses/test-pip-1",
                "subnet_id": "/subscriptions/193a80b5-b916-4c17-b06d-cfc310d07a2c/resourceGroups/test-rg-1/providers/Microsoft.Network/virtualNetworks/test-vnet-1/subnets/test-subnet-1"
              }
            ],
            "ip_forwarding_enabled": false,
            "location": "eastus",
            "mac_address": "",
            "name": "test-nic-1",
            "network_security_group_id": "/subscriptions/193a80b5-b916-4c17-b06d-cfc310d07a2c/resourceGroups/test-rg-1/providers/Microsoft.Network/networkSecurityGroups/test-nsg-1",
            "private_ip_address": "10.0.1.5",
            "private_ip_addresses": [
              "10.0.1.5"
            ],
            "resource_group_name": "test-rg-1",
            "tags": {
              "environment": "test",
              "owner": "devops"
            },
            "timeouts": null,
            "virtual_machine_id": ""
          },
          "sensitive_attributes": []
        },
        {
          "index_key": "vm2",
          "schema_version": 0,
          "attributes": {
            "accelerated_networking_enabled": false,
            "applied_dns_servers": [],
            "dns_servers": [],
            "id": "/subscriptions/193a80b5-b916-4c17-b06d-cfc310d07a2c/resourceGroups/test-rg-1/providers/Microsoft.Network/networkInterfaces/test-nic-2",
            "internal_dns_name_label": "",
            "ip_configuration": [
              {
                "application_gateway_backend_address_pools_ids": [],
                "application_security_group_ids": [],
                "gateway_load_balancer_frontend_ip_configuration_id": "",
                "load_balancer_backend_address_pools_ids": [],
                "load_balancer_inbound_nat_rules_ids": [],
                "name": "internal",
                "primary": true,
                "private_ip_address": "10.0.1.4",
                "private_ip_address_allocation": "Dynamic",
                "private_ip_address_version": "IPv4",
                "public_ip_address_id": "/subscriptions/193a80b5-b916-4c17-b06d-cfc310d07a2c/resourceGroups/test-rg-1/providers/Microsoft.Network/publicIPAddresses/test-pip-2",
                "subnet_id": "/subscriptions/193a80b5-b916-4c17-b06d-cfc310d07a2c/resourceGroups/test-rg-1/providers/Microsoft.Network/virtualNetworks/test-vnet-1/subnets/test-subnet-1"
              }
            ],
            "ip_forwarding_enabled": false,
            "location": "eastus",
            "mac_address": "",
            "name": "test-nic-2",
            "network_security_group_id": "/subscriptions/193a80b5-b916-4c17-b06d-cfc310d07a2c/resourceGroups/test-rg-1/providers/Microsoft.Network/networkSecurityGroups/test-nsg-1",
            "private_ip_address": "10.0.1.4",
            "private_ip_addresses": [
              "10.0.1.4"
            ],
            "resource_group_name": "test-rg-1",
            "tags": {
              "environment": "test",
              "owner": "devops"
            },
            "timeouts": null,
            "virtual_machine_id": ""
          },
          "sensitive_attributes": []
        }
      ]
    },
    {
      "module": "module.linux_vm",
      "mode": "managed",
      "type": "azurerm_linux_virtual_machine",
      "name": "linux-vm",
      "provider": "provider[\"registry.terraform.io/hashicorp/azurerm\"]",
      "instances": [
        {
          "index_key": "vm1",
          "schema_version": 0,
          "attributes": {
            "additional_capabilities": [],
            "admin_password": "aegon@123456",
            "admin_ssh_key": [],
            "admin_username": "adminuser",
            "allow_extension_operations": true,
            "availability_set_id": "",
            "boot_diagnostics": [],
            "bypass_platform_safety_checks_on_user_schedule_enabled": false,
            "capacity_reservation_group_id": "",
            "computer_name": "test-vm-1",
            "custom_data": null,
            "dedicated_host_group_id": "",
            "dedicated_host_id": "",
            "disable_password_authentication": false,
            "disk_controller_type": "",
            "edge_zone": "",
            "encryption_at_host_enabled": false,
            "eviction_policy": "",
            "extensions_time_budget": "PT1H30M",
            "gallery_application": [],
            "id": "/subscriptions/193a80b5-b916-4c17-b06d-cfc310d07a2c/resourceGroups/test-rg-1/providers/Microsoft.Compute/virtualMachines/test-vm-1",
            "identity": [],
            "license_type": "",
            "location": "eastus",
            "max_bid_price": -1,
            "name": "test-vm-1",
            "network_interface_ids": [
              "/subscriptions/193a80b5-b916-4c17-b06d-cfc310d07a2c/resourceGroups/test-rg-1/providers/Microsoft.Network/networkInterfaces/test-nic-1"
            ],
            "os_disk": [
              {
                "caching": "ReadWrite",
                "diff_disk_settings": [],
                "disk_encryption_set_id": "",
                "disk_size_gb": 30,
                "id": "/subscriptions/193a80b5-b916-4c17-b06d-cfc310d07a2c/resourceGroups/test-rg-1/providers/Microsoft.Compute/disks/test-vm-1_disk1_ba45c13b90ba4bf18c636c8d7848d345",
                "name": "test-vm-1_disk1_ba45c13b90ba4bf18c636c8d7848d345",
                "secure_vm_disk_encryption_set_id": "",
                "security_encryption_type": "",
                "storage_account_type": "Standard_LRS",
                "write_accelerator_enabled": false
              }
            ],
            "os_image_notification": [],
            "patch_assessment_mode": "ImageDefault",
            "patch_mode": "ImageDefault",
            "plan": [],
            "platform_fault_domain": -1,
            "priority": "Regular",
            "private_ip_address": "10.0.1.5",
            "private_ip_addresses": [
              "10.0.1.5"
            ],
            "provision_vm_agent": true,
            "proximity_placement_group_id": "",
            "public_ip_address": "74.235.245.45",
            "public_ip_addresses": [
              "74.235.245.45"
            ],
            "reboot_setting": "",
            "resource_group_name": "test-rg-1",
            "secret": [],
            "secure_boot_enabled": false,
            "size": "Standard_F2",
            "source_image_id": "",
            "source_image_reference": [
              {
                "offer": "0001-com-ubuntu-server-jammy",
                "publisher": "Canonical",
                "sku": "22_04-lts",
                "version": "latest"
              }
            ],
            "tags": {
              "environment": "test",
              "owner": "devops"
            },
            "termination_notification": null,
            "timeouts": null,
            "user_data": "",
            "virtual_machine_id": "dfe2da1c-4695-4b14-8c7e-48da6d7b3a31",
            "virtual_machine_scale_set_id": "",
            "vm_agent_platform_updates_enabled": false,
            "vtpm_enabled": false,
            "zone": ""
          },
          "sensitive_attributes": [
            [
              {
                "type": "get_attr",
                "value": "custom_data"
              }
            ],
            [
              {
                "type": "get_attr",
                "value": "admin_password"
              }
            ]
          ],
          "private": "eyJlMmJmYjczMC1lY2FhLTExZTYtOGY4OC0zNDM2M2JjN2M0YzAiOnsiY3JlYXRlIjoyNzAwMDAwMDAwMDAwLCJkZWxldGUiOjI3MDAwMDAwMDAwMDAsInJlYWQiOjMwMDAwMDAwMDAwMCwidXBkYXRlIjoyNzAwMDAwMDAwMDAwfX0=",
          "dependencies": [
            "module.linux_vm.data.azurerm_network_interface.nic_data",
            "module.network_interface.azurerm_network_interface.nic",
            "module.network_interface.data.azurerm_public_ip.pip_data",
            "module.network_interface.data.azurerm_subnet.subnet_data",
            "module.nsg.azurerm_network_security_group.nsg",
            "module.nsg_nic_association.azurerm_network_interface_security_group_association.nsg_nic_association",
            "module.nsg_nic_association.data.azurerm_network_interface.nic",
            "module.nsg_nic_association.data.azurerm_network_security_group.nsg",
            "module.public_ip.azurerm_public_ip.pip-block",
            "module.resource_group.azurerm_resource_group.resource_group",
            "module.subnet.azurerm_subnet.sub_network",
            "module.virtual_network.azurerm_virtual_network.virtual_network"
          ]
        },
        {
          "index_key": "vm2",
          "schema_version": 0,
          "attributes": {
            "additional_capabilities": [],
            "admin_password": "aegon@123456",
            "admin_ssh_key": [],
            "admin_username": "adminuser",
            "allow_extension_operations": true,
            "availability_set_id": "",
            "boot_diagnostics": [],
            "bypass_platform_safety_checks_on_user_schedule_enabled": false,
            "capacity_reservation_group_id": "",
            "computer_name": "test-vm-2",
            "custom_data": null,
            "dedicated_host_group_id": "",
            "dedicated_host_id": "",
            "disable_password_authentication": false,
            "disk_controller_type": "",
            "edge_zone": "",
            "encryption_at_host_enabled": false,
            "eviction_policy": "",
            "extensions_time_budget": "PT1H30M",
            "gallery_application": [],
            "id": "/subscriptions/193a80b5-b916-4c17-b06d-cfc310d07a2c/resourceGroups/test-rg-1/providers/Microsoft.Compute/virtualMachines/test-vm-2",
            "identity": [],
            "license_type": "",
            "location": "eastus",
            "max_bid_price": -1,
            "name": "test-vm-2",
            "network_interface_ids": [
              "/subscriptions/193a80b5-b916-4c17-b06d-cfc310d07a2c/resourceGroups/test-rg-1/providers/Microsoft.Network/networkInterfaces/test-nic-2"
            ],
            "os_disk": [
              {
                "caching": "ReadWrite",
                "diff_disk_settings": [],
                "disk_encryption_set_id": "",
                "disk_size_gb": 30,
                "id": "/subscriptions/193a80b5-b916-4c17-b06d-cfc310d07a2c/resourceGroups/test-rg-1/providers/Microsoft.Compute/disks/test-vm-2_disk1_292561fbc3a74af79d3bc079da1a5845",
                "name": "test-vm-2_disk1_292561fbc3a74af79d3bc079da1a5845",
                "secure_vm_disk_encryption_set_id": "",
                "security_encryption_type": "",
                "storage_account_type": "Standard_LRS",
                "write_accelerator_enabled": false
              }
            ],
            "os_image_notification": [],
            "patch_assessment_mode": "ImageDefault",
            "patch_mode": "ImageDefault",
            "plan": [],
            "platform_fault_domain": -1,
            "priority": "Regular",
            "private_ip_address": "10.0.1.4",
            "private_ip_addresses": [
              "10.0.1.4"
            ],
            "provision_vm_agent": true,
            "proximity_placement_group_id": "",
            "public_ip_address": "20.121.189.187",
            "public_ip_addresses": [
              "20.121.189.187"
            ],
            "reboot_setting": "",
            "resource_group_name": "test-rg-1",
            "secret": [],
            "secure_boot_enabled": false,
            "size": "Standard_F2",
            "source_image_id": "",
            "source_image_reference": [
              {
                "offer": "0001-com-ubuntu-server-jammy",
                "publisher": "Canonical",
                "sku": "22_04-lts",
                "version": "latest"
              }
            ],
            "tags": {
              "environment": "test",
              "owner": "devops"
            },
            "termination_notification": null,
            "timeouts": null,
            "user_data": "",
            "virtual_machine_id": "5ee50e40-f3ab-4bd0-b5eb-17823cf9c573",
            "virtual_machine_scale_set_id": "",
            "vm_agent_platform_updates_enabled": false,
            "vtpm_enabled": false,
            "zone": ""
          },
          "sensitive_attributes": [
            [
              {
                "type": "get_attr",
                "value": "custom_data"
              }
            ],
            [
              {
                "type": "get_attr",
                "value": "admin_password"
              }
            ]
          ],
          "private": "eyJlMmJmYjczMC1lY2FhLTExZTYtOGY4OC0zNDM2M2JjN2M0YzAiOnsiY3JlYXRlIjoyNzAwMDAwMDAwMDAwLCJkZWxldGUiOjI3MDAwMDAwMDAwMDAsInJlYWQiOjMwMDAwMDAwMDAwMCwidXBkYXRlIjoyNzAwMDAwMDAwMDAwfX0=",
          "dependencies": [
            "module.linux_vm.data.azurerm_network_interface.nic_data",
            "module.network_interface.azurerm_network_interface.nic",
            "module.network_interface.data.azurerm_public_ip.pip_data",
            "module.network_interface.data.azurerm_subnet.subnet_data",
            "module.nsg.azurerm_network_security_group.nsg",
            "module.nsg_nic_association.azurerm_network_interface_security_group_association.nsg_nic_association",
            "module.nsg_nic_association.data.azurerm_network_interface.nic",
            "module.nsg_nic_association.data.azurerm_network_security_group.nsg",
            "module.public_ip.azurerm_public_ip.pip-block",
            "module.resource_group.azurerm_resource_group.resource_group",
            "module.subnet.azurerm_subnet.sub_network",
            "module.virtual_network.azurerm_virtual_network.virtual_network"
          ]
        }
      ]
    },
    {
      "module": "module.load_balancer",
      "mode": "data",
      "type": "azurerm_public_ip",
      "name": "pip_lb",
      "provider": "provider[\"registry.terraform.io/hashicorp/azurerm\"]",
      "instances": [
        {
          "index_key": "lb1",
          "schema_version": 0,
          "attributes": {
            "allocation_method": "Static",
            "ddos_protection_mode": "VirtualNetworkInherited",
            "ddos_protection_plan_id": null,
            "domain_name_label": "",
            "fqdn": "",
            "id": "/subscriptions/193a80b5-b916-4c17-b06d-cfc310d07a2c/resourceGroups/test-rg-1/providers/Microsoft.Network/publicIPAddresses/test-pip-3",
            "idle_timeout_in_minutes": 4,
            "ip_address": "172.178.38.232",
            "ip_tags": {},
            "ip_version": "IPv4",
            "location": "eastus",
            "name": "test-pip-3",
            "resource_group_name": "test-rg-1",
            "reverse_fqdn": "",
            "sku": "Standard",
            "tags": {
              "environment": "test",
              "owner": "devops"
            },
            "timeouts": null,
            "zones": []
          },
          "sensitive_attributes": []
        }
      ]
    },
    {
      "module": "module.load_balancer",
      "mode": "managed",
      "type": "azurerm_lb",
      "name": "lb",
      "provider": "provider[\"registry.terraform.io/hashicorp/azurerm\"]",
      "instances": [
        {
          "index_key": "lb1",
          "schema_version": 0,
          "attributes": {
            "edge_zone": "",
            "frontend_ip_configuration": [
              {
                "gateway_load_balancer_frontend_ip_configuration_id": "",
                "id": "/subscriptions/193a80b5-b916-4c17-b06d-cfc310d07a2c/resourceGroups/test-rg-1/providers/Microsoft.Network/loadBalancers/test-lb-1/frontendIPConfigurations/PublicFrontEnd",
                "inbound_nat_rules": [],
                "load_balancer_rules": [],
                "name": "PublicFrontEnd",
                "outbound_rules": [],
                "private_ip_address": "",
                "private_ip_address_allocation": "Dynamic",
                "private_ip_address_version": "",
                "public_ip_address_id": "/subscriptions/193a80b5-b916-4c17-b06d-cfc310d07a2c/resourceGroups/test-rg-1/providers/Microsoft.Network/publicIPAddresses/test-pip-3",
                "public_ip_prefix_id": "",
                "subnet_id": "",
                "zones": null
              }
            ],
            "id": "/subscriptions/193a80b5-b916-4c17-b06d-cfc310d07a2c/resourceGroups/test-rg-1/providers/Microsoft.Network/loadBalancers/test-lb-1",
            "location": "eastus",
            "name": "test-lb-1",
            "private_ip_address": "",
            "private_ip_addresses": [],
            "resource_group_name": "test-rg-1",
            "sku": "Standard",
            "sku_tier": "Regional",
            "tags": null,
            "timeouts": null
          },
          "sensitive_attributes": [],
          "private": "eyJlMmJmYjczMC1lY2FhLTExZTYtOGY4OC0zNDM2M2JjN2M0YzAiOnsiY3JlYXRlIjoxODAwMDAwMDAwMDAwLCJkZWxldGUiOjE4MDAwMDAwMDAwMDAsInJlYWQiOjMwMDAwMDAwMDAwMCwidXBkYXRlIjoxODAwMDAwMDAwMDAwfX0=",
          "dependencies": [
            "module.load_balancer.data.azurerm_public_ip.pip_lb",
            "module.public_ip.azurerm_public_ip.pip-block",
            "module.resource_group.azurerm_resource_group.resource_group",
            "module.subnet.azurerm_subnet.sub_network",
            "module.virtual_network.azurerm_virtual_network.virtual_network"
          ]
        }
      ]
    },
    {
      "module": "module.network_interface",
      "mode": "data",
      "type": "azurerm_public_ip",
      "name": "pip_data",
      "provider": "provider[\"registry.terraform.io/hashicorp/azurerm\"]",
      "instances": [
        {
          "index_key": "nic1",
          "schema_version": 0,
          "attributes": {
            "allocation_method": "Static",
            "ddos_protection_mode": "VirtualNetworkInherited",
            "ddos_protection_plan_id": null,
            "domain_name_label": "",
            "fqdn": "",
            "id": "/subscriptions/193a80b5-b916-4c17-b06d-cfc310d07a2c/resourceGroups/test-rg-1/providers/Microsoft.Network/publicIPAddresses/test-pip-1",
            "idle_timeout_in_minutes": 4,
            "ip_address": "74.235.245.45",
            "ip_tags": {},
            "ip_version": "IPv4",
            "location": "eastus",
            "name": "test-pip-1",
            "resource_group_name": "test-rg-1",
            "reverse_fqdn": "",
            "sku": "Standard",
            "tags": {
              "environment": "test",
              "owner": "devops"
            },
            "timeouts": null,
            "zones": []
          },
          "sensitive_attributes": []
        },
        {
          "index_key": "nic2",
          "schema_version": 0,
          "attributes": {
            "allocation_method": "Static",
            "ddos_protection_mode": "VirtualNetworkInherited",
            "ddos_protection_plan_id": null,
            "domain_name_label": "",
            "fqdn": "",
            "id": "/subscriptions/193a80b5-b916-4c17-b06d-cfc310d07a2c/resourceGroups/test-rg-1/providers/Microsoft.Network/publicIPAddresses/test-pip-2",
            "idle_timeout_in_minutes": 4,
            "ip_address": "20.121.189.187",
            "ip_tags": {},
            "ip_version": "IPv4",
            "location": "eastus",
            "name": "test-pip-2",
            "resource_group_name": "test-rg-1",
            "reverse_fqdn": "",
            "sku": "Standard",
            "tags": {
              "environment": "test",
              "owner": "devops"
            },
            "timeouts": null,
            "zones": []
          },
          "sensitive_attributes": []
        }
      ]
    },
    {
      "module": "module.network_interface",
      "mode": "data",
      "type": "azurerm_subnet",
      "name": "subnet_data",
      "provider": "provider[\"registry.terraform.io/hashicorp/azurerm\"]",
      "instances": [
        {
          "index_key": "nic1",
          "schema_version": 0,
          "attributes": {
            "address_prefix": "10.0.1.0/24",
            "address_prefixes": [
              "10.0.1.0/24"
            ],
            "default_outbound_access_enabled": true,
            "id": "/subscriptions/193a80b5-b916-4c17-b06d-cfc310d07a2c/resourceGroups/test-rg-1/providers/Microsoft.Network/virtualNetworks/test-vnet-1/subnets/test-subnet-1",
            "name": "test-subnet-1",
            "network_security_group_id": "",
            "private_endpoint_network_policies": "Disabled",
            "private_link_service_network_policies_enabled": true,
            "resource_group_name": "test-rg-1",
            "route_table_id": "",
            "service_endpoints": [],
            "timeouts": null,
            "virtual_network_name": "test-vnet-1"
          },
          "sensitive_attributes": []
        },
        {
          "index_key": "nic2",
          "schema_version": 0,
          "attributes": {
            "address_prefix": "10.0.1.0/24",
            "address_prefixes": [
              "10.0.1.0/24"
            ],
            "default_outbound_access_enabled": true,
            "id": "/subscriptions/193a80b5-b916-4c17-b06d-cfc310d07a2c/resourceGroups/test-rg-1/providers/Microsoft.Network/virtualNetworks/test-vnet-1/subnets/test-subnet-1",
            "name": "test-subnet-1",
            "network_security_group_id": "",
            "private_endpoint_network_policies": "Disabled",
            "private_link_service_network_policies_enabled": true,
            "resource_group_name": "test-rg-1",
            "route_table_id": "",
            "service_endpoints": [],
            "timeouts": null,
            "virtual_network_name": "test-vnet-1"
          },
          "sensitive_attributes": []
        }
      ]
    },
    {
      "module": "module.network_interface",
      "mode": "managed",
      "type": "azurerm_network_interface",
      "name": "nic",
      "provider": "provider[\"registry.terraform.io/hashicorp/azurerm\"]",
      "instances": [
        {
          "index_key": "nic1",
          "schema_version": 0,
          "attributes": {
            "accelerated_networking_enabled": false,
            "applied_dns_servers": [],
            "auxiliary_mode": "",
            "auxiliary_sku": "",
            "dns_servers": null,
            "edge_zone": "",
            "id": "/subscriptions/193a80b5-b916-4c17-b06d-cfc310d07a2c/resourceGroups/test-rg-1/providers/Microsoft.Network/networkInterfaces/test-nic-1",
            "internal_dns_name_label": "",
            "internal_domain_name_suffix": "gzvegudmr3zujjtdiprxv0wwnf.bx.internal.cloudapp.net",
            "ip_configuration": [
              {
                "gateway_load_balancer_frontend_ip_configuration_id": "",
                "name": "internal",
                "primary": true,
                "private_ip_address": "10.0.1.5",
                "private_ip_address_allocation": "Dynamic",
                "private_ip_address_version": "IPv4",
                "public_ip_address_id": "/subscriptions/193a80b5-b916-4c17-b06d-cfc310d07a2c/resourceGroups/test-rg-1/providers/Microsoft.Network/publicIPAddresses/test-pip-1",
                "subnet_id": "/subscriptions/193a80b5-b916-4c17-b06d-cfc310d07a2c/resourceGroups/test-rg-1/providers/Microsoft.Network/virtualNetworks/test-vnet-1/subnets/test-subnet-1"
              }
            ],
            "ip_forwarding_enabled": false,
            "location": "eastus",
            "mac_address": "",
            "name": "test-nic-1",
            "private_ip_address": "10.0.1.5",
            "private_ip_addresses": [
              "10.0.1.5"
            ],
            "resource_group_name": "test-rg-1",
            "tags": {
              "environment": "test",
              "owner": "devops"
            },
            "timeouts": null,
            "virtual_machine_id": ""
          },
          "sensitive_attributes": [],
          "private": "eyJlMmJmYjczMC1lY2FhLTExZTYtOGY4OC0zNDM2M2JjN2M0YzAiOnsiY3JlYXRlIjoxODAwMDAwMDAwMDAwLCJkZWxldGUiOjE4MDAwMDAwMDAwMDAsInJlYWQiOjMwMDAwMDAwMDAwMCwidXBkYXRlIjoxODAwMDAwMDAwMDAwfX0=",
          "dependencies": [
            "module.network_interface.data.azurerm_public_ip.pip_data",
            "module.network_interface.data.azurerm_subnet.subnet_data",
            "module.public_ip.azurerm_public_ip.pip-block",
            "module.resource_group.azurerm_resource_group.resource_group",
            "module.subnet.azurerm_subnet.sub_network",
            "module.virtual_network.azurerm_virtual_network.virtual_network"
          ]
        },
        {
          "index_key": "nic2",
          "schema_version": 0,
          "attributes": {
            "accelerated_networking_enabled": false,
            "applied_dns_servers": [],
            "auxiliary_mode": "",
            "auxiliary_sku": "",
            "dns_servers": null,
            "edge_zone": "",
            "id": "/subscriptions/193a80b5-b916-4c17-b06d-cfc310d07a2c/resourceGroups/test-rg-1/providers/Microsoft.Network/networkInterfaces/test-nic-2",
            "internal_dns_name_label": "",
            "internal_domain_name_suffix": "gzvegudmr3zujjtdiprxv0wwnf.bx.internal.cloudapp.net",
            "ip_configuration": [
              {
                "gateway_load_balancer_frontend_ip_configuration_id": "",
                "name": "internal",
                "primary": true,
                "private_ip_address": "10.0.1.4",
                "private_ip_address_allocation": "Dynamic",
                "private_ip_address_version": "IPv4",
                "public_ip_address_id": "/subscriptions/193a80b5-b916-4c17-b06d-cfc310d07a2c/resourceGroups/test-rg-1/providers/Microsoft.Network/publicIPAddresses/test-pip-2",
                "subnet_id": "/subscriptions/193a80b5-b916-4c17-b06d-cfc310d07a2c/resourceGroups/test-rg-1/providers/Microsoft.Network/virtualNetworks/test-vnet-1/subnets/test-subnet-1"
              }
            ],
            "ip_forwarding_enabled": false,
            "location": "eastus",
            "mac_address": "",
            "name": "test-nic-2",
            "private_ip_address": "10.0.1.4",
            "private_ip_addresses": [
              "10.0.1.4"
            ],
            "resource_group_name": "test-rg-1",
            "tags": {
              "environment": "test",
              "owner": "devops"
            },
            "timeouts": null,
            "virtual_machine_id": ""
          },
          "sensitive_attributes": [],
          "private": "eyJlMmJmYjczMC1lY2FhLTExZTYtOGY4OC0zNDM2M2JjN2M0YzAiOnsiY3JlYXRlIjoxODAwMDAwMDAwMDAwLCJkZWxldGUiOjE4MDAwMDAwMDAwMDAsInJlYWQiOjMwMDAwMDAwMDAwMCwidXBkYXRlIjoxODAwMDAwMDAwMDAwfX0=",
          "dependencies": [
            "module.network_interface.data.azurerm_public_ip.pip_data",
            "module.network_interface.data.azurerm_subnet.subnet_data",
            "module.public_ip.azurerm_public_ip.pip-block",
            "module.resource_group.azurerm_resource_group.resource_group",
            "module.subnet.azurerm_subnet.sub_network",
            "module.virtual_network.azurerm_virtual_network.virtual_network"
          ]
        }
      ]
    },
    {
      "module": "module.nsg",
      "mode": "managed",
      "type": "azurerm_network_security_group",
      "name": "nsg",
      "provider": "provider[\"registry.terraform.io/hashicorp/azurerm\"]",
      "instances": [
        {
          "index_key": "nsg1",
          "schema_version": 0,
          "attributes": {
            "id": "/subscriptions/193a80b5-b916-4c17-b06d-cfc310d07a2c/resourceGroups/test-rg-1/providers/Microsoft.Network/networkSecurityGroups/test-nsg-1",
            "location": "eastus",
            "name": "test-nsg-1",
            "resource_group_name": "test-rg-1",
            "security_rule": [
              {
                "access": "Allow",
                "description": "",
                "destination_address_prefix": "*",
                "destination_address_prefixes": [],
                "destination_application_security_group_ids": [],
                "destination_port_range": "22",
                "destination_port_ranges": [],
                "direction": "Inbound",
                "name": "Allow-SSH",
                "priority": 100,
                "protocol": "Tcp",
                "source_address_prefix": "*",
                "source_address_prefixes": [],
                "source_application_security_group_ids": [],
                "source_port_range": "*",
                "source_port_ranges": []
              },
              {
                "access": "Allow",
                "description": "",
                "destination_address_prefix": "*",
                "destination_address_prefixes": [],
                "destination_application_security_group_ids": [],
                "destination_port_range": "80",
                "destination_port_ranges": [],
                "direction": "Inbound",
                "name": "Allow-HTTP",
                "priority": 101,
                "protocol": "Tcp",
                "source_address_prefix": "*",
                "source_address_prefixes": [],
                "source_application_security_group_ids": [],
                "source_port_range": "*",
                "source_port_ranges": []
              }
            ],
            "tags": {
              "environment": "test",
              "owner": "devops"
            },
            "timeouts": null
          },
          "sensitive_attributes": [],
          "private": "eyJlMmJmYjczMC1lY2FhLTExZTYtOGY4OC0zNDM2M2JjN2M0YzAiOnsiY3JlYXRlIjoxODAwMDAwMDAwMDAwLCJkZWxldGUiOjE4MDAwMDAwMDAwMDAsInJlYWQiOjMwMDAwMDAwMDAwMCwidXBkYXRlIjoxODAwMDAwMDAwMDAwfX0=",
          "dependencies": [
            "module.resource_group.azurerm_resource_group.resource_group"
          ]
        }
      ]
    },
    {
      "module": "module.nsg_nic_association",
      "mode": "data",
      "type": "azurerm_network_interface",
      "name": "nic",
      "provider": "provider[\"registry.terraform.io/hashicorp/azurerm\"]",
      "instances": [
        {
          "index_key": "nsg_nic1",
          "schema_version": 0,
          "attributes": {
            "accelerated_networking_enabled": false,
            "applied_dns_servers": [],
            "dns_servers": [],
            "id": "/subscriptions/193a80b5-b916-4c17-b06d-cfc310d07a2c/resourceGroups/test-rg-1/providers/Microsoft.Network/networkInterfaces/test-nic-1",
            "internal_dns_name_label": "",
            "ip_configuration": [
              {
                "application_gateway_backend_address_pools_ids": [],
                "application_security_group_ids": [],
                "gateway_load_balancer_frontend_ip_configuration_id": "",
                "load_balancer_backend_address_pools_ids": [],
                "load_balancer_inbound_nat_rules_ids": [],
                "name": "internal",
                "primary": true,
                "private_ip_address": "10.0.1.5",
                "private_ip_address_allocation": "Dynamic",
                "private_ip_address_version": "IPv4",
                "public_ip_address_id": "/subscriptions/193a80b5-b916-4c17-b06d-cfc310d07a2c/resourceGroups/test-rg-1/providers/Microsoft.Network/publicIPAddresses/test-pip-1",
                "subnet_id": "/subscriptions/193a80b5-b916-4c17-b06d-cfc310d07a2c/resourceGroups/test-rg-1/providers/Microsoft.Network/virtualNetworks/test-vnet-1/subnets/test-subnet-1"
              }
            ],
            "ip_forwarding_enabled": false,
            "location": "eastus",
            "mac_address": "",
            "name": "test-nic-1",
            "network_security_group_id": "",
            "private_ip_address": "10.0.1.5",
            "private_ip_addresses": [
              "10.0.1.5"
            ],
            "resource_group_name": "test-rg-1",
            "tags": {
              "environment": "test",
              "owner": "devops"
            },
            "timeouts": null,
            "virtual_machine_id": ""
          },
          "sensitive_attributes": []
        },
        {
          "index_key": "nsg_nic2",
          "schema_version": 0,
          "attributes": {
            "accelerated_networking_enabled": false,
            "applied_dns_servers": [],
            "dns_servers": [],
            "id": "/subscriptions/193a80b5-b916-4c17-b06d-cfc310d07a2c/resourceGroups/test-rg-1/providers/Microsoft.Network/networkInterfaces/test-nic-2",
            "internal_dns_name_label": "",
            "ip_configuration": [
              {
                "application_gateway_backend_address_pools_ids": [],
                "application_security_group_ids": [],
                "gateway_load_balancer_frontend_ip_configuration_id": "",
                "load_balancer_backend_address_pools_ids": [],
                "load_balancer_inbound_nat_rules_ids": [],
                "name": "internal",
                "primary": true,
                "private_ip_address": "10.0.1.4",
                "private_ip_address_allocation": "Dynamic",
                "private_ip_address_version": "IPv4",
                "public_ip_address_id": "/subscriptions/193a80b5-b916-4c17-b06d-cfc310d07a2c/resourceGroups/test-rg-1/providers/Microsoft.Network/publicIPAddresses/test-pip-2",
                "subnet_id": "/subscriptions/193a80b5-b916-4c17-b06d-cfc310d07a2c/resourceGroups/test-rg-1/providers/Microsoft.Network/virtualNetworks/test-vnet-1/subnets/test-subnet-1"
              }
            ],
            "ip_forwarding_enabled": false,
            "location": "eastus",
            "mac_address": "",
            "name": "test-nic-2",
            "network_security_group_id": "",
            "private_ip_address": "10.0.1.4",
            "private_ip_addresses": [
              "10.0.1.4"
            ],
            "resource_group_name": "test-rg-1",
            "tags": {
              "environment": "test",
              "owner": "devops"
            },
            "timeouts": null,
            "virtual_machine_id": ""
          },
          "sensitive_attributes": []
        }
      ]
    },
    {
      "module": "module.nsg_nic_association",
      "mode": "data",
      "type": "azurerm_network_security_group",
      "name": "nsg",
      "provider": "provider[\"registry.terraform.io/hashicorp/azurerm\"]",
      "instances": [
        {
          "index_key": "nsg_nic1",
          "schema_version": 0,
          "attributes": {
            "id": "/subscriptions/193a80b5-b916-4c17-b06d-cfc310d07a2c/resourceGroups/test-rg-1/providers/Microsoft.Network/networkSecurityGroups/test-nsg-1",
            "location": "eastus",
            "name": "test-nsg-1",
            "resource_group_name": "test-rg-1",
            "security_rule": [
              {
                "access": "Allow",
                "description": "",
                "destination_address_prefix": "*",
                "destination_address_prefixes": [],
                "destination_application_security_group_ids": [],
                "destination_port_range": "80",
                "destination_port_ranges": [],
                "direction": "Inbound",
                "name": "Allow-HTTP",
                "priority": 101,
                "protocol": "Tcp",
                "source_address_prefix": "*",
                "source_address_prefixes": [],
                "source_application_security_group_ids": [],
                "source_port_range": "*",
                "source_port_ranges": []
              },
              {
                "access": "Allow",
                "description": "",
                "destination_address_prefix": "*",
                "destination_address_prefixes": [],
                "destination_application_security_group_ids": [],
                "destination_port_range": "22",
                "destination_port_ranges": [],
                "direction": "Inbound",
                "name": "Allow-SSH",
                "priority": 100,
                "protocol": "Tcp",
                "source_address_prefix": "*",
                "source_address_prefixes": [],
                "source_application_security_group_ids": [],
                "source_port_range": "*",
                "source_port_ranges": []
              }
            ],
            "tags": {
              "environment": "test",
              "owner": "devops"
            },
            "timeouts": null
          },
          "sensitive_attributes": []
        },
        {
          "index_key": "nsg_nic2",
          "schema_version": 0,
          "attributes": {
            "id": "/subscriptions/193a80b5-b916-4c17-b06d-cfc310d07a2c/resourceGroups/test-rg-1/providers/Microsoft.Network/networkSecurityGroups/test-nsg-1",
            "location": "eastus",
            "name": "test-nsg-1",
            "resource_group_name": "test-rg-1",
            "security_rule": [
              {
                "access": "Allow",
                "description": "",
                "destination_address_prefix": "*",
                "destination_address_prefixes": [],
                "destination_application_security_group_ids": [],
                "destination_port_range": "80",
                "destination_port_ranges": [],
                "direction": "Inbound",
                "name": "Allow-HTTP",
                "priority": 101,
                "protocol": "Tcp",
                "source_address_prefix": "*",
                "source_address_prefixes": [],
                "source_application_security_group_ids": [],
                "source_port_range": "*",
                "source_port_ranges": []
              },
              {
                "access": "Allow",
                "description": "",
                "destination_address_prefix": "*",
                "destination_address_prefixes": [],
                "destination_application_security_group_ids": [],
                "destination_port_range": "22",
                "destination_port_ranges": [],
                "direction": "Inbound",
                "name": "Allow-SSH",
                "priority": 100,
                "protocol": "Tcp",
                "source_address_prefix": "*",
                "source_address_prefixes": [],
                "source_application_security_group_ids": [],
                "source_port_range": "*",
                "source_port_ranges": []
              }
            ],
            "tags": {
              "environment": "test",
              "owner": "devops"
            },
            "timeouts": null
          },
          "sensitive_attributes": []
        }
      ]
    },
    {
      "module": "module.nsg_nic_association",
      "mode": "managed",
      "type": "azurerm_network_interface_security_group_association",
      "name": "nsg_nic_association",
      "provider": "provider[\"registry.terraform.io/hashicorp/azurerm\"]",
      "instances": [
        {
          "index_key": "nsg_nic1",
          "schema_version": 0,
          "attributes": {
            "id": "/subscriptions/193a80b5-b916-4c17-b06d-cfc310d07a2c/resourceGroups/test-rg-1/providers/Microsoft.Network/networkInterfaces/test-nic-1|/subscriptions/193a80b5-b916-4c17-b06d-cfc310d07a2c/resourceGroups/test-rg-1/providers/Microsoft.Network/networkSecurityGroups/test-nsg-1",
            "network_interface_id": "/subscriptions/193a80b5-b916-4c17-b06d-cfc310d07a2c/resourceGroups/test-rg-1/providers/Microsoft.Network/networkInterfaces/test-nic-1",
            "network_security_group_id": "/subscriptions/193a80b5-b916-4c17-b06d-cfc310d07a2c/resourceGroups/test-rg-1/providers/Microsoft.Network/networkSecurityGroups/test-nsg-1",
            "timeouts": null
          },
          "sensitive_attributes": [],
          "private": "eyJlMmJmYjczMC1lY2FhLTExZTYtOGY4OC0zNDM2M2JjN2M0YzAiOnsiY3JlYXRlIjoxODAwMDAwMDAwMDAwLCJkZWxldGUiOjE4MDAwMDAwMDAwMDAsInJlYWQiOjMwMDAwMDAwMDAwMH19",
          "dependencies": [
            "module.network_interface.azurerm_network_interface.nic",
            "module.network_interface.data.azurerm_public_ip.pip_data",
            "module.network_interface.data.azurerm_subnet.subnet_data",
            "module.nsg.azurerm_network_security_group.nsg",
            "module.nsg_nic_association.data.azurerm_network_interface.nic",
            "module.nsg_nic_association.data.azurerm_network_security_group.nsg",
            "module.public_ip.azurerm_public_ip.pip-block",
            "module.resource_group.azurerm_resource_group.resource_group",
            "module.subnet.azurerm_subnet.sub_network",
            "module.virtual_network.azurerm_virtual_network.virtual_network"
          ]
        },
        {
          "index_key": "nsg_nic2",
          "schema_version": 0,
          "attributes": {
            "id": "/subscriptions/193a80b5-b916-4c17-b06d-cfc310d07a2c/resourceGroups/test-rg-1/providers/Microsoft.Network/networkInterfaces/test-nic-2|/subscriptions/193a80b5-b916-4c17-b06d-cfc310d07a2c/resourceGroups/test-rg-1/providers/Microsoft.Network/networkSecurityGroups/test-nsg-1",
            "network_interface_id": "/subscriptions/193a80b5-b916-4c17-b06d-cfc310d07a2c/resourceGroups/test-rg-1/providers/Microsoft.Network/networkInterfaces/test-nic-2",
            "network_security_group_id": "/subscriptions/193a80b5-b916-4c17-b06d-cfc310d07a2c/resourceGroups/test-rg-1/providers/Microsoft.Network/networkSecurityGroups/test-nsg-1",
            "timeouts": null
          },
          "sensitive_attributes": [],
          "private": "eyJlMmJmYjczMC1lY2FhLTExZTYtOGY4OC0zNDM2M2JjN2M0YzAiOnsiY3JlYXRlIjoxODAwMDAwMDAwMDAwLCJkZWxldGUiOjE4MDAwMDAwMDAwMDAsInJlYWQiOjMwMDAwMDAwMDAwMH19",
          "dependencies": [
            "module.network_interface.azurerm_network_interface.nic",
            "module.network_interface.data.azurerm_public_ip.pip_data",
            "module.network_interface.data.azurerm_subnet.subnet_data",
            "module.nsg.azurerm_network_security_group.nsg",
            "module.nsg_nic_association.data.azurerm_network_interface.nic",
            "module.nsg_nic_association.data.azurerm_network_security_group.nsg",
            "module.public_ip.azurerm_public_ip.pip-block",
            "module.resource_group.azurerm_resource_group.resource_group",
            "module.subnet.azurerm_subnet.sub_network",
            "module.virtual_network.azurerm_virtual_network.virtual_network"
          ]
        }
      ]
    },
    {
      "module": "module.public_ip",
      "mode": "managed",
      "type": "azurerm_public_ip",
      "name": "pip-block",
      "provider": "provider[\"registry.terraform.io/hashicorp/azurerm\"]",
      "instances": [
        {
          "index_key": "pip1",
          "schema_version": 0,
          "attributes": {
            "allocation_method": "Static",
            "ddos_protection_mode": "VirtualNetworkInherited",
            "ddos_protection_plan_id": null,
            "domain_name_label": null,
            "domain_name_label_scope": null,
            "edge_zone": "",
            "fqdn": null,
            "id": "/subscriptions/193a80b5-b916-4c17-b06d-cfc310d07a2c/resourceGroups/test-rg-1/providers/Microsoft.Network/publicIPAddresses/test-pip-1",
            "idle_timeout_in_minutes": 4,
            "ip_address": "74.235.245.45",
            "ip_tags": null,
            "ip_version": "IPv4",
            "location": "eastus",
            "name": "test-pip-1",
            "public_ip_prefix_id": null,
            "resource_group_name": "test-rg-1",
            "reverse_fqdn": null,
            "sku": "Standard",
            "sku_tier": "Regional",
            "tags": {
              "environment": "test",
              "owner": "devops"
            },
            "timeouts": null,
            "zones": null
          },
          "sensitive_attributes": [],
          "private": "eyJlMmJmYjczMC1lY2FhLTExZTYtOGY4OC0zNDM2M2JjN2M0YzAiOnsiY3JlYXRlIjoxODAwMDAwMDAwMDAwLCJkZWxldGUiOjE4MDAwMDAwMDAwMDAsInJlYWQiOjMwMDAwMDAwMDAwMCwidXBkYXRlIjoxODAwMDAwMDAwMDAwfX0=",
          "dependencies": [
            "module.resource_group.azurerm_resource_group.resource_group",
            "module.subnet.azurerm_subnet.sub_network",
            "module.virtual_network.azurerm_virtual_network.virtual_network"
          ]
        },
        {
          "index_key": "pip2",
          "schema_version": 0,
          "attributes": {
            "allocation_method": "Static",
            "ddos_protection_mode": "VirtualNetworkInherited",
            "ddos_protection_plan_id": null,
            "domain_name_label": null,
            "domain_name_label_scope": null,
            "edge_zone": "",
            "fqdn": null,
            "id": "/subscriptions/193a80b5-b916-4c17-b06d-cfc310d07a2c/resourceGroups/test-rg-1/providers/Microsoft.Network/publicIPAddresses/test-pip-2",
            "idle_timeout_in_minutes": 4,
            "ip_address": "20.121.189.187",
            "ip_tags": null,
            "ip_version": "IPv4",
            "location": "eastus",
            "name": "test-pip-2",
            "public_ip_prefix_id": null,
            "resource_group_name": "test-rg-1",
            "reverse_fqdn": null,
            "sku": "Standard",
            "sku_tier": "Regional",
            "tags": {
              "environment": "test",
              "owner": "devops"
            },
            "timeouts": null,
            "zones": null
          },
          "sensitive_attributes": [],
          "private": "eyJlMmJmYjczMC1lY2FhLTExZTYtOGY4OC0zNDM2M2JjN2M0YzAiOnsiY3JlYXRlIjoxODAwMDAwMDAwMDAwLCJkZWxldGUiOjE4MDAwMDAwMDAwMDAsInJlYWQiOjMwMDAwMDAwMDAwMCwidXBkYXRlIjoxODAwMDAwMDAwMDAwfX0=",
          "dependencies": [
            "module.resource_group.azurerm_resource_group.resource_group",
            "module.subnet.azurerm_subnet.sub_network",
            "module.virtual_network.azurerm_virtual_network.virtual_network"
          ]
        },
        {
          "index_key": "pip3",
          "schema_version": 0,
          "attributes": {
            "allocation_method": "Static",
            "ddos_protection_mode": "VirtualNetworkInherited",
            "ddos_protection_plan_id": null,
            "domain_name_label": null,
            "domain_name_label_scope": null,
            "edge_zone": "",
            "fqdn": null,
            "id": "/subscriptions/193a80b5-b916-4c17-b06d-cfc310d07a2c/resourceGroups/test-rg-1/providers/Microsoft.Network/publicIPAddresses/test-pip-3",
            "idle_timeout_in_minutes": 4,
            "ip_address": "172.178.38.232",
            "ip_tags": null,
            "ip_version": "IPv4",
            "location": "eastus",
            "name": "test-pip-3",
            "public_ip_prefix_id": null,
            "resource_group_name": "test-rg-1",
            "reverse_fqdn": null,
            "sku": "Standard",
            "sku_tier": "Regional",
            "tags": {
              "environment": "test",
              "owner": "devops"
            },
            "timeouts": null,
            "zones": null
          },
          "sensitive_attributes": [],
          "private": "eyJlMmJmYjczMC1lY2FhLTExZTYtOGY4OC0zNDM2M2JjN2M0YzAiOnsiY3JlYXRlIjoxODAwMDAwMDAwMDAwLCJkZWxldGUiOjE4MDAwMDAwMDAwMDAsInJlYWQiOjMwMDAwMDAwMDAwMCwidXBkYXRlIjoxODAwMDAwMDAwMDAwfX0=",
          "dependencies": [
            "module.resource_group.azurerm_resource_group.resource_group",
            "module.subnet.azurerm_subnet.sub_network",
            "module.virtual_network.azurerm_virtual_network.virtual_network"
          ]
        }
      ]
    },
    {
      "module": "module.resource_group",
      "mode": "managed",
      "type": "azurerm_resource_group",
      "name": "resource_group",
      "provider": "provider[\"registry.terraform.io/hashicorp/azurerm\"]",
      "instances": [
        {
          "index_key": "rg1",
          "schema_version": 0,
          "attributes": {
            "id": "/subscriptions/193a80b5-b916-4c17-b06d-cfc310d07a2c/resourceGroups/test-rg-1",
            "location": "eastus",
            "managed_by": "",
            "name": "test-rg-1",
            "tags": null,
            "timeouts": null
          },
          "sensitive_attributes": [],
          "private": "eyJlMmJmYjczMC1lY2FhLTExZTYtOGY4OC0zNDM2M2JjN2M0YzAiOnsiY3JlYXRlIjo1NDAwMDAwMDAwMDAwLCJkZWxldGUiOjU0MDAwMDAwMDAwMDAsInJlYWQiOjMwMDAwMDAwMDAwMCwidXBkYXRlIjo1NDAwMDAwMDAwMDAwfX0="
        }
      ]
    },
    {
      "module": "module.subnet",
      "mode": "managed",
      "type": "azurerm_subnet",
      "name": "sub_network",
      "provider": "provider[\"registry.terraform.io/hashicorp/azurerm\"]",
      "instances": [
        {
          "index_key": "subnet1",
          "schema_version": 0,
          "attributes": {
            "address_prefixes": [
              "10.0.1.0/24"
            ],
            "default_outbound_access_enabled": true,
            "delegation": [],
            "id": "/subscriptions/193a80b5-b916-4c17-b06d-cfc310d07a2c/resourceGroups/test-rg-1/providers/Microsoft.Network/virtualNetworks/test-vnet-1/subnets/test-subnet-1",
            "name": "test-subnet-1",
            "private_endpoint_network_policies": "Disabled",
            "private_link_service_network_policies_enabled": true,
            "resource_group_name": "test-rg-1",
            "service_endpoint_policy_ids": null,
            "service_endpoints": null,
            "timeouts": null,
            "virtual_network_name": "test-vnet-1"
          },
          "sensitive_attributes": [],
          "private": "eyJlMmJmYjczMC1lY2FhLTExZTYtOGY4OC0zNDM2M2JjN2M0YzAiOnsiY3JlYXRlIjoxODAwMDAwMDAwMDAwLCJkZWxldGUiOjE4MDAwMDAwMDAwMDAsInJlYWQiOjMwMDAwMDAwMDAwMCwidXBkYXRlIjoxODAwMDAwMDAwMDAwfX0=",
          "dependencies": [
            "module.resource_group.azurerm_resource_group.resource_group",
            "module.virtual_network.azurerm_virtual_network.virtual_network"
          ]
        }
      ]
    },
    {
      "module": "module.virtual_network",
      "mode": "managed",
      "type": "azurerm_virtual_network",
      "name": "virtual_network",
      "provider": "provider[\"registry.terraform.io/hashicorp/azurerm\"]",
      "instances": [
        {
          "index_key": "vnet1",
          "schema_version": 0,
          "attributes": {
            "address_space": [
              "10.0.0.0/16"
            ],
            "bgp_community": "",
            "ddos_protection_plan": [],
            "dns_servers": [],
            "edge_zone": "",
            "encryption": [],
            "flow_timeout_in_minutes": 0,
            "guid": "50436a36-8f6c-4473-a663-43e37aead66d",
            "id": "/subscriptions/193a80b5-b916-4c17-b06d-cfc310d07a2c/resourceGroups/test-rg-1/providers/Microsoft.Network/virtualNetworks/test-vnet-1",
            "ip_address_pool": [],
            "location": "eastus",
            "name": "test-vnet-1",
            "private_endpoint_vnet_policies": "Disabled",
            "resource_group_name": "test-rg-1",
            "subnet": [],
            "tags": null,
            "timeouts": null
          },
          "sensitive_attributes": [],
          "private": "eyJlMmJmYjczMC1lY2FhLTExZTYtOGY4OC0zNDM2M2JjN2M0YzAiOnsiY3JlYXRlIjoxODAwMDAwMDAwMDAwLCJkZWxldGUiOjE4MDAwMDAwMDAwMDAsInJlYWQiOjMwMDAwMDAwMDAwMCwidXBkYXRlIjoxODAwMDAwMDAwMDAwfX0=",
          "dependencies": [
            "module.resource_group.azurerm_resource_group.resource_group"
          ]
        }
      ]
    }
  ],
  "check_results": null
}
